
Microsoft Visual Studio Solution File, Format Version 12.00
# Visual Studio Version 17
VisualStudioVersion = 17.6.33829.357
MinimumVisualStudioVersion = 10.0.40219.1
Project("{FAE04EC0-301F-11D3-BF4B-00C04F79EFBC}") = "Lab 04", "Lab 04\Lab 04.csproj", "{2ECF9D02-4F8C-4545-9914-6F61D8A2440A}"
EndProject
Global
	GlobalSection(SolutionConfigurationPlatforms) = preSolution
		Debug|Any CPU = Debug|Any CPU
		Release|Any CPU = Release|Any CPU
	EndGlobalSection
	GlobalSection(ProjectConfigurationPlatforms) = postSolution
		{2ECF9D02-4F8C-4545-9914-6F61D8A2440A}.Debug|Any CPU.ActiveCfg = Debug|Any CPU
		{2ECF9D02-4F8C-4545-9914-6F61D8A2440A}.Debug|Any CPU.Build.0 = Debug|Any CPU
		{2ECF9D02-4F8C-4545-9914-6F61D8A2440A}.Release|Any CPU.ActiveCfg = Release|Any CPU
		{2ECF9D02-4F8C-4545-9914-6F61D8A2440A}.Release|Any CPU.Build.0 = Release|Any CPU
	EndGlobalSection
	GlobalSection(SolutionProperties) = preSolution
		HideSolutionNode = FALSE
	EndGlobalSection
	GlobalSection(ExtensibilityGlobals) = postSolution
		SolutionGuid = {83DBBC98-E398-44ED-B9D8-47A7598C404E}
	EndGlobalSection
EndGlobal
